
Microsoft Visual Studio Solution File, Format Version 12.00
# Visual Studio Version 16
VisualStudioVersion = 16.0.29519.181
MinimumVisualStudioVersion = 10.0.40219.1
Project("{2150E333-8FDC-42A3-9474-1A3956D46DE8}") = "Microservices", "Microservices", "{3658A688-2593-4AAF-A1AF-A8AC70DEFB4E}"
EndProject
Project("{2150E333-8FDC-42A3-9474-1A3956D46DE8}") = "Domain", "Domain", "{0B54805B-F3D1-41AD-B65A-68EFD9360EFB}"
EndProject
Project("{2150E333-8FDC-42A3-9474-1A3956D46DE8}") = "Infra.Bus", "Infra.Bus", "{85EBFDB1-BC2B-4A8B-9222-628CB5D078EE}"
EndProject
Project("{2150E333-8FDC-42A3-9474-1A3956D46DE8}") = "Infra.Ioc", "Infra.Ioc", "{41B0F8A2-07F2-436C-8DA6-C66FBBD65923}"
EndProject
Project("{2150E333-8FDC-42A3-9474-1A3956D46DE8}") = "Presentation", "Presentation", "{0EF16CDD-70D8-409F-A3E4-6CDDC9566995}"
EndProject
Project("{9A19103F-16F7-4668-BE54-9A1E7A4F7556}") = "MicroRabbit.Domain.Core", "MicroRabbit.Domain.Core\MicroRabbit.Domain.Core.csproj", "{14CDD223-3E13-46F7-AD5C-B3E1D6B52D29}"
EndProject
Project("{9A19103F-16F7-4668-BE54-9A1E7A4F7556}") = "MicroRabbit.Infra.Bus", "MicroRabbit.Infra.Bus\MicroRabbit.Infra.Bus.csproj", "{028C7C3B-8483-4F65-9C72-F958A08FC87E}"
EndProject
Project("{FAE04EC0-301F-11D3-BF4B-00C04F79EFBC}") = "MicroRabbit.Infra.IoC", "MicroRabbit.Infra.IoC\MicroRabbit.Infra.IoC.csproj", "{07BBA83F-8D8C-4EEF-9265-647474E93652}"
EndProject
Global
	GlobalSection(SolutionConfigurationPlatforms) = preSolution
		Debug|Any CPU = Debug|Any CPU
		Release|Any CPU = Release|Any CPU
	EndGlobalSection
	GlobalSection(ProjectConfigurationPlatforms) = postSolution
		{14CDD223-3E13-46F7-AD5C-B3E1D6B52D29}.Debug|Any CPU.ActiveCfg = Debug|Any CPU
		{14CDD223-3E13-46F7-AD5C-B3E1D6B52D29}.Debug|Any CPU.Build.0 = Debug|Any CPU
		{14CDD223-3E13-46F7-AD5C-B3E1D6B52D29}.Release|Any CPU.ActiveCfg = Release|Any CPU
		{14CDD223-3E13-46F7-AD5C-B3E1D6B52D29}.Release|Any CPU.Build.0 = Release|Any CPU
		{028C7C3B-8483-4F65-9C72-F958A08FC87E}.Debug|Any CPU.ActiveCfg = Debug|Any CPU
		{028C7C3B-8483-4F65-9C72-F958A08FC87E}.Debug|Any CPU.Build.0 = Debug|Any CPU
		{028C7C3B-8483-4F65-9C72-F958A08FC87E}.Release|Any CPU.ActiveCfg = Release|Any CPU
		{028C7C3B-8483-4F65-9C72-F958A08FC87E}.Release|Any CPU.Build.0 = Release|Any CPU
		{07BBA83F-8D8C-4EEF-9265-647474E93652}.Debug|Any CPU.ActiveCfg = Debug|Any CPU
		{07BBA83F-8D8C-4EEF-9265-647474E93652}.Debug|Any CPU.Build.0 = Debug|Any CPU
		{07BBA83F-8D8C-4EEF-9265-647474E93652}.Release|Any CPU.ActiveCfg = Release|Any CPU
		{07BBA83F-8D8C-4EEF-9265-647474E93652}.Release|Any CPU.Build.0 = Release|Any CPU
	EndGlobalSection
	GlobalSection(SolutionProperties) = preSolution
		HideSolutionNode = FALSE
	EndGlobalSection
	GlobalSection(NestedProjects) = preSolution
		{14CDD223-3E13-46F7-AD5C-B3E1D6B52D29} = {0B54805B-F3D1-41AD-B65A-68EFD9360EFB}
		{028C7C3B-8483-4F65-9C72-F958A08FC87E} = {85EBFDB1-BC2B-4A8B-9222-628CB5D078EE}
		{07BBA83F-8D8C-4EEF-9265-647474E93652} = {41B0F8A2-07F2-436C-8DA6-C66FBBD65923}
	EndGlobalSection
	GlobalSection(ExtensibilityGlobals) = postSolution
		SolutionGuid = {F1F1E3B4-47B6-4446-94AA-C08C164E148A}
	EndGlobalSection
EndGlobal
